// !$*UTF8*$!
{
	archiveVersion = 1;
	classes = {
	};
	objectVersion = 46;
	objects = {

/* Begin PBXBuildFile section */
		169807E91AA0E31F00F7DF71 /* AppDelegate.swift in Sources */ = {isa = PBXBuildFile; fileRef = 169807E81AA0E31F00F7DF71 /* AppDelegate.swift */; };
		169807EB1AA0E31F00F7DF71 /* ViewController.swift in Sources */ = {isa = PBXBuildFile; fileRef = 169807EA1AA0E31F00F7DF71 /* ViewController.swift */; };
		169807EE1AA0E31F00F7DF71 /* Main.storyboard in Resources */ = {isa = PBXBuildFile; fileRef = 169807EC1AA0E31F00F7DF71 /* Main.storyboard */; };
		169807F01AA0E31F00F7DF71 /* Images.xcassets in Resources */ = {isa = PBXBuildFile; fileRef = 169807EF1AA0E31F00F7DF71 /* Images.xcassets */; };
		169807F31AA0E31F00F7DF71 /* LaunchScreen.xib in Resources */ = {isa = PBXBuildFile; fileRef = 169807F11AA0E31F00F7DF71 /* LaunchScreen.xib */; };
		169807FF1AA0E31F00F7DF71 /* TimerTests.swift in Sources */ = {isa = PBXBuildFile; fileRef = 169807FE1AA0E31F00F7DF71 /* TimerTests.swift */; };
/* End PBXBuildFile section */

/* Begin PBXContainerItemProxy section */
		169807F91AA0E31F00F7DF71 /* PBXContainerItemProxy */ = {
			isa = PBXContainerItemProxy;
			containerPortal = 169807DB1AA0E31F00F7DF71 /* Project object */;
			proxyType = 1;
			remoteGlobalIDString = 169807E21AA0E31F00F7DF71;
			remoteInfo = Timer;
		};
/* End PBXContainerItemProxy section */

/* Begin PBXFileReference section */
		169807E31AA0E31F00F7DF71 /* Timer.app */ = {isa = PBXFileReference; explicitFileType = wrapper.application; includeInIndex = 0; path = Timer.app; sourceTree = BUILT_PRODUCTS_DIR; };
		169807E71AA0E31F00F7DF71 /* Info.plist */ = {isa = PBXFileReference; lastKnownFileType = text.plist.xml; path = Info.plist; sourceTree = "<group>"; };
		169807E81AA0E31F00F7DF71 /* AppDelegate.swift */ = {isa = PBXFileReference; lastKnownFileType = sourcecode.swift; path = AppDelegate.swift; sourceTree = "<group>"; };
		169807EA1AA0E31F00F7DF71 /* ViewController.swift */ = {isa = PBXFileReference; lastKnownFileType = sourcecode.swift; path = ViewController.swift; sourceTree = "<group>"; };
		169807ED1AA0E31F00F7DF71 /* Base */ = {isa = PBXFileReference; lastKnownFileType = file.storyboard; name = Base; path = Base.lproj/Main.storyboard; sourceTree = "<group>"; };
		169807EF1AA0E31F00F7DF71 /* Images.xcassets */ = {isa = PBXFileReference; lastKnownFileType = folder.assetcatalog; path = Images.xcassets; sourceTree = "<group>"; };
		169807F21AA0E31F00F7DF71 /* Base */ = {isa = PBXFileReference; lastKnownFileType = file.xib; name = Base; path = Base.lproj/LaunchScreen.xib; sourceTree = "<group>"; };
		169807F81AA0E31F00F7DF71 /* TimerTests.xctest */ = {isa = PBXFileReference; explicitFileType = wrapper.cfbundle; includeInIndex = 0; path = TimerTests.xctest; sourceTree = BUILT_PRODUCTS_DIR; };
		169807FD1AA0E31F00F7DF71 /* Info.plist */ = {isa = PBXFileReference; lastKnownFileType = text.plist.xml; path = Info.plist; sourceTree = "<group>"; };
		169807FE1AA0E31F00F7DF71 /* TimerTests.swift */ = {isa = PBXFileReference; lastKnownFileType = sourcecode.swift; path = TimerTests.swift; sourceTree = "<group>"; };
/* End PBXFileReference section */

/* Begin PBXFrameworksBuildPhase section */
		169807E01AA0E31F00F7DF71 /* Frameworks */ = {
			isa = PBXFrameworksBuildPhase;
			buildActionMask = 2147483647;
			files = (
			);
			runOnlyForDeploymentPostprocessing = 0;
		};
		169807F51AA0E31F00F7DF71 /* Frameworks */ = {
			isa = PBXFrameworksBuildPhase;
			buildActionMask = 2147483647;
			files = (
			);
			runOnlyForDeploymentPostprocessing = 0;
		};
/* End PBXFrameworksBuildPhase section */

/* Begin PBXGroup section */
		169807DA1AA0E31F00F7DF71 = {
			isa = PBXGroup;
			children = (
				169807E51AA0E31F00F7DF71 /* Timer */,
				169807FB1AA0E31F00F7DF71 /* TimerTests */,
				169807E41AA0E31F00F7DF71 /* Products */,
			);
			sourceTree = "<group>";
		};
		169807E41AA0E31F00F7DF71 /* Products */ = {
			isa = PBXGroup;
			children = (
				169807E31AA0E31F00F7DF71 /* Timer.app */,
				169807F81AA0E31F00F7DF71 /* TimerTests.xctest */,
			);
			name = Products;
			sourceTree = "<group>";
		};
		169807E51AA0E31F00F7DF71 /* Timer */ = {
			isa = PBXGroup;
			children = (
				169807E81AA0E31F00F7DF71 /* AppDelegate.swift */,
				169807EA1AA0E31F00F7DF71 /* ViewController.swift */,
				169807EC1AA0E31F00F7DF71 /* Main.storyboard */,
				169807EF1AA0E31F00F7DF71 /* Images.xcassets */,
				169807F11AA0E31F00F7DF71 /* LaunchScreen.xib */,
				169807E61AA0E31F00F7DF71 /* Supporting Files */,
			);
			path = Timer;
			sourceTree = "<group>";
		};
		169807E61AA0E31F00F7DF71 /* Supporting Files */ = {
			isa = PBXGroup;
			children = (
				169807E71AA0E31F00F7DF71 /* Info.plist */,
			);
			name = "Supporting Files";
			sourceTree = "<group>";
		};
		169807FB1AA0E31F00F7DF71 /* TimerTests */ = {
			isa = PBXGroup;
			children = (
				169807FE1AA0E31F00F7DF71 /* TimerTests.swift */,
				169807FC1AA0E31F00F7DF71 /* Supporting Files */,
			);
			path = TimerTests;
			sourceTree = "<group>";
		};
		169807FC1AA0E31F00F7DF71 /* Supporting Files */ = {
			isa = PBXGroup;
			children = (
				169807FD1AA0E31F00F7DF71 /* Info.plist */,
			);
			name = "Supporting Files";
			sourceTree = "<group>";
		};
/* End PBXGroup section */

/* Begin PBXNativeTarget section */
		169807E21AA0E31F00F7DF71 /* Timer */ = {
			isa = PBXNativeTarget;
			buildConfigurationList = 169808021AA0E31F00F7DF71 /* Build configuration list for PBXNativeTarget "Timer" */;
			buildPhases = (
				169807DF1AA0E31F00F7DF71 /* Sources */,
				169807E01AA0E31F00F7DF71 /* Frameworks */,
				169807E11AA0E31F00F7DF71 /* Resources */,
			);
			buildRules = (
			);
			dependencies = (
			);
			name = Timer;
			productName = Timer;
			productReference = 169807E31AA0E31F00F7DF71 /* Timer.app */;
			productType = "com.apple.product-type.application";
		};
		169807F71AA0E31F00F7DF71 /* TimerTests */ = {
			isa = PBXNativeTarget;
			buildConfigurationList = 169808051AA0E31F00F7DF71 /* Build configuration list for PBXNativeTarget "TimerTests" */;
			buildPhases = (
				169807F41AA0E31F00F7DF71 /* Sources */,
				169807F51AA0E31F00F7DF71 /* Frameworks */,
				169807F61AA0E31F00F7DF71 /* Resources */,
			);
			buildRules = (
			);
			dependencies = (
				169807FA1AA0E31F00F7DF71 /* PBXTargetDependency */,
			);
			name = TimerTests;
			productName = TimerTests;
			productReference = 169807F81AA0E31F00F7DF71 /* TimerTests.xctest */;
			productType = "com.apple.product-type.bundle.unit-test";
		};
/* End PBXNativeTarget section */

/* Begin PBXProject section */
		169807DB1AA0E31F00F7DF71 /* Project object */ = {
			isa = PBXProject;
			attributes = {
				LastUpgradeCheck = 0610;
				ORGANIZATIONNAME = "mesa mingi";
				TargetAttributes = {
					169807E21AA0E31F00F7DF71 = {
						CreatedOnToolsVersion = 6.1.1;
					};
					169807F71AA0E31F00F7DF71 = {
						CreatedOnToolsVersion = 6.1.1;
						TestTargetID = 169807E21AA0E31F00F7DF71;
					};
				};
			};
			buildConfigurationList = 169807DE1AA0E31F00F7DF71 /* Build configuration list for PBXProject "Timer" */;
			compatibilityVersion = "Xcode 3.2";
			developmentRegion = English;
			hasScannedForEncodings = 0;
			knownRegions = (
				en,
				Base,
			);
			mainGroup = 169807DA1AA0E31F00F7DF71;
			productRefGroup = 169807E41AA0E31F00F7DF71 /* Products */;
			projectDirPath = "";
			projectRoot = "";
			targets = (
				169807E21AA0E31F00F7DF71 /* Timer */,
				169807F71AA0E31F00F7DF71 /* TimerTests */,
			);
		};
/* End PBXProject section */

/* Begin PBXResourcesBuildPhase section */
		169807E11AA0E31F00F7DF71 /* Resources */ = {
			isa = PBXResourcesBuildPhase;
			buildActionMask = 2147483647;
			files = (
				169807EE1AA0E31F00F7DF71 /* Main.storyboard in Resources */,
				169807F31AA0E31F00F7DF71 /* LaunchScreen.xib in Resources */,
				169807F01AA0E31F00F7DF71 /* Images.xcassets in Resources */,
			);
			runOnlyForDeploymentPostprocessing = 0;
		};
		169807F61AA0E31F00F7DF71 /* Resources */ = {
			isa = PBXResourcesBuildPhase;
			buildActionMask = 2147483647;
			files = (
			);
			runOnlyForDeploymentPostprocessing = 0;
		};
/* End PBXResourcesBuildPhase section */

/* Begin PBXSourcesBuildPhase section */
		169807DF1AA0E31F00F7DF71 /* Sources */ = {
			isa = PBXSourcesBuildPhase;
			buildActionMask = 2147483647;
			files = (
				169807EB1AA0E31F00F7DF71 /* ViewController.swift in Sources */,
				169807E91AA0E31F00F7DF71 /* AppDelegate.swift in Sources */,
			);
			runOnlyForDeploymentPostprocessing = 0;
		};
		169807F41AA0E31F00F7DF71 /* Sources */ = {
			isa = PBXSourcesBuildPhase;
			buildActionMask = 2147483647;
			files = (
				169807FF1AA0E31F00F7DF71 /* TimerTests.swift in Sources */,
			);
			runOnlyForDeploymentPostprocessing = 0;
		};
/* End PBXSourcesBuildPhase section */

/* Begin PBXTargetDependency section */
		169807FA1AA0E31F00F7DF71 /* PBXTargetDependency */ = {
			isa = PBXTargetDependency;
			target = 169807E21AA0E31F00F7DF71 /* Timer */;
			targetProxy = 169807F91AA0E31F00F7DF71 /* PBXContainerItemProxy */;
		};
/* End PBXTargetDependency section */

/* Begin PBXVariantGroup section */
		169807EC1AA0E31F00F7DF71 /* Main.storyboard */ = {
			isa = PBXVariantGroup;
			children = (
				169807ED1AA0E31F00F7DF71 /* Base */,
			);
			name = Main.storyboard;
			sourceTree = "<group>";
		};
		169807F11AA0E31F00F7DF71 /* LaunchScreen.xib */ = {
			isa = PBXVariantGroup;
			children = (
				169807F21AA0E31F00F7DF71 /* Base */,
			);
			name = LaunchScreen.xib;
			sourceTree = "<group>";
		};
/* End PBXVariantGroup section */

/* Begin XCBuildConfiguration section */
		169808001AA0E31F00F7DF71 /* Debug */ = {
			isa = XCBuildConfiguration;
			buildSettings = {
				ALWAYS_SEARCH_USER_PATHS = NO;
				CLANG_CXX_LANGUAGE_STANDARD = "gnu++0x";
				CLANG_CXX_LIBRARY = "libc++";
				CLANG_ENABLE_MODULES = YES;
				CLANG_ENABLE_OBJC_ARC = YES;
				CLANG_WARN_BOOL_CONVERSION = YES;
				CLANG_WARN_CONSTANT_CONVERSION = YES;
				CLANG_WARN_DIRECT_OBJC_ISA_USAGE = YES_ERROR;
				CLANG_WARN_EMPTY_BODY = YES;
				CLANG_WARN_ENUM_CONVERSION = YES;
				CLANG_WARN_INT_CONVERSION = YES;
				CLANG_WARN_OBJC_ROOT_CLASS = YES_ERROR;
				CLANG_WARN_UNREACHABLE_CODE = YES;
				CLANG_WARN__DUPLICATE_METHOD_MATCH = YES;
				"CODE_SIGN_IDENTITY[sdk=iphoneos*]" = "iPhone Developer";
				COPY_PHASE_STRIP = NO;
				ENABLE_STRICT_OBJC_MSGSEND = YES;
				GCC_C_LANGUAGE_STANDARD = gnu99;
				GCC_DYNAMIC_NO_PIC = NO;
				GCC_OPTIMIZATION_LEVEL = 0;
				GCC_PREPROCESSOR_DEFINITIONS = (
					"DEBUG=1",
					"$(inherited)",
				);
				GCC_SYMBOLS_PRIVATE_EXTERN = NO;
				GCC_WARN_64_TO_32_BIT_CONVERSION = YES;
				GCC_WARN_ABOUT_RETURN_TYPE = YES_ERROR;
				GCC_WARN_UNDECLARED_SELECTOR = YES;
				GCC_WARN_UNINITIALIZED_AUTOS = YES_AGGRESSIVE;
				GCC_WARN_UNUSED_FUNCTION = YES;
				GCC_WARN_UNUSED_VARIABLE = YES;
				IPHONEOS_DEPLOYMENT_TARGET = 8.1;
				MTL_ENABLE_DEBUG_INFO = YES;
				ONLY_ACTIVE_ARCH = YES;
				SDKROOT = iphoneos;
				SWIFT_OPTIMIZATION_LEVEL = "-Onone";
				TARGETED_DEVICE_FAMILY = "1,2";
			};
			name = Debug;
		};
		169808011AA0E31F00F7DF71 /* Release */ = {
			isa = XCBuildConfiguration;
			buildSettings = {
				ALWAYS_SEARCH_USER_PATHS = NO;
				CLANG_CXX_LANGUAGE_STANDARD = "gnu++0x";
				CLANG_CXX_LIBRARY = "libc++";
				CLANG_ENABLE_MODULES = YES;
				CLANG_ENABLE_OBJC_ARC = YES;
				CLANG_WARN_BOOL_CONVERSION = YES;
				CLANG_WARN_CONSTANT_CONVERSION = YES;
				CLANG_WARN_DIRECT_OBJC_ISA_USAGE = YES_ERROR;
				CLANG_WARN_EMPTY_BODY = YES;
				CLANG_WARN_ENUM_CONVERSION = YES;
				CLANG_WARN_INT_CONVERSION = YES;
				CLANG_WARN_OBJC_ROOT_CLASS = YES_ERROR;
				CLANG_WARN_UNREACHABLE_CODE = YES;
				CLANG_WARN__DUPLICATE_METHOD_MATCH = YES;
				"CODE_SIGN_IDENTITY[sdk=iphoneos*]" = "iPhone Developer";
				COPY_PHASE_STRIP = YES;
				ENABLE_NS_ASSERTIONS = NO;
				ENABLE_STRICT_OBJC_MSGSEND = YES;
				GCC_C_LANGUAGE_STANDARD = gnu99;
				GCC_WARN_64_TO_32_BIT_CONVERSION = YES;
				GCC_WARN_ABOUT_RETURN_TYPE = YES_ERROR;
				GCC_WARN_UNDECLARED_SELECTOR = YES;
				GCC_WARN_UNINITIALIZED_AUTOS = YES_AGGRESSIVE;
				GCC_WARN_UNUSED_FUNCTION = YES;
				GCC_WARN_UNUSED_VARIABLE = YES;
				IPHONEOS_DEPLOYMENT_TARGET = 8.1;
				MTL_ENABLE_DEBUG_INFO = NO;
				SDKROOT = iphoneos;
				TARGETED_DEVICE_FAMILY = "1,2";
				VALIDATE_PRODUCT = YES;
			};
			name = Release;
		};
		169808031AA0E31F00F7DF71 /* Debug */ = {
			isa = XCBuildConfiguration;
			buildSettings = {
				ASSETCATALOG_COMPILER_APPICON_NAME = AppIcon;
				INFOPLIST_FILE = Timer/Info.plist;
				LD_RUNPATH_SEARCH_PATHS = "$(inherited) @executable_path/Frameworks";
				PRODUCT_NAME = "$(TARGET_NAME)";
			};
			name = Debug;
		};
		169808041AA0E31F00F7DF71 /* Release */ = {
			isa = XCBuildConfiguration;
			buildSettings = {
				ASSETCATALOG_COMPILER_APPICON_NAME = AppIcon;
				INFOPLIST_FILE = Timer/Info.plist;
				LD_RUNPATH_SEARCH_PATHS = "$(inherited) @executable_path/Frameworks";
				PRODUCT_NAME = "$(TARGET_NAME)";
			};
			name = Release;
		};
		169808061AA0E31F00F7DF71 /* Debug */ = {
			isa = XCBuildConfiguration;
			buildSettings = {
				BUNDLE_LOADER = "$(TEST_HOST)";
				FRAMEWORK_SEARCH_PATHS = (
					"$(SDKROOT)/Developer/Library/Frameworks",
					"$(inherited)",
				);
				GCC_PREPROCESSOR_DEFINITIONS = (
					"DEBUG=1",
					"$(inherited)",
				);
				INFOPLIST_FILE = TimerTests/Info.plist;
				LD_RUNPATH_SEARCH_PATHS = "$(inherited) @executable_path/Frameworks @loader_path/Frameworks";
				PRODUCT_NAME = "$(TARGET_NAME)";
				TEST_HOST = "$(BUILT_PRODUCTS_DIR)/Timer.app/Timer";
			};
			name = Debug;
		};
		169808071AA0E31F00F7DF71 /* Release */ = {
			isa = XCBuildConfiguration;
			buildSettings = {
				BUNDLE_LOADER = "$(TEST_HOST)";
				FRAMEWORK_SEARCH_PATHS = (
					"$(SDKROOT)/Developer/Library/Frameworks",
					"$(inherited)",
				);
				INFOPLIST_FILE = TimerTests/Info.plist;
				LD_RUNPATH_SEARCH_PATHS = "$(inherited) @executable_path/Frameworks @loader_path/Frameworks";
				PRODUCT_NAME = "$(TARGET_NAME)";
				TEST_HOST = "$(BUILT_PRODUCTS_DIR)/Timer.app/Timer";
			};
			name = Release;
		};
/* End XCBuildConfiguration section */

/* Begin XCConfigurationList section */
		169807DE1AA0E31F00F7DF71 /* Build configuration list for PBXProject "Timer" */ = {
			isa = XCConfigurationList;
			buildConfigurations = (
				169808001AA0E31F00F7DF71 /* Debug */,
				169808011AA0E31F00F7DF71 /* Release */,
			);
			defaultConfigurationIsVisible = 0;
			defaultConfigurationName = Release;
		};
		169808021AA0E31F00F7DF71 /* Build configuration list for PBXNativeTarget "Timer" */ = {
			isa = XCConfigurationList;
			buildConfigurations = (
				169808031AA0E31F00F7DF71 /* Debug */,
				169808041AA0E31F00F7DF71 /* Release */,
			);
			defaultConfigurationIsVisible = 0;
		};
		169808051AA0E31F00F7DF71 /* Build configuration list for PBXNativeTarget "TimerTests" */ = {
			isa = XCConfigurationList;
			buildConfigurations = (
				169808061AA0E31F00F7DF71 /* Debug */,
				169808071AA0E31F00F7DF71 /* Release */,
			);
			defaultConfigurationIsVisible = 0;
		};
/* End XCConfigurationList section */
	};
	rootObject = 169807DB1AA0E31F00F7DF71 /* Project object */;
}
