// !$*UTF8*$!
{
	archiveVersion = 1;
	classes = {
	};
	objectVersion = 46;
	objects = {

/* Begin PBXBuildFile section */
		16134AD71C4E9AEF007767FE /* namePicker.swift in Sources */ = {isa = PBXBuildFile; fileRef = 16134AD61C4E9AEF007767FE /* namePicker.swift */; };
		16242D151AE425E600AF5B7C /* round_sound.mp3 in Resources */ = {isa = PBXBuildFile; fileRef = 16242D141AE425E600AF5B7C /* round_sound.mp3 */; };
		16393DFC1AA1FABF002C4099 /* StopwatchViewController.swift in Sources */ = {isa = PBXBuildFile; fileRef = 16393DFB1AA1FABF002C4099 /* StopwatchViewController.swift */; };
		1666D5B01AA32C9A000FF75F /* TimerViewController.swift in Sources */ = {isa = PBXBuildFile; fileRef = 1666D5AF1AA32C9A000FF75F /* TimerViewController.swift */; };
		1666D5B21AA32CC7000FF75F /* TimerPicker.swift in Sources */ = {isa = PBXBuildFile; fileRef = 1666D5B11AA32CC7000FF75F /* TimerPicker.swift */; };
		1666D5F41AA4CF45000FF75F /* alarmSound.mp3 in Resources */ = {isa = PBXBuildFile; fileRef = 1666D5F31AA4CF45000FF75F /* alarmSound.mp3 */; };
		169808A11AA1CF1400F7DF71 /* AppDelegate.swift in Sources */ = {isa = PBXBuildFile; fileRef = 169808A01AA1CF1400F7DF71 /* AppDelegate.swift */; };
		169808A31AA1CF1400F7DF71 /* IntervalViewController.swift in Sources */ = {isa = PBXBuildFile; fileRef = 169808A21AA1CF1400F7DF71 /* IntervalViewController.swift */; };
		169808A81AA1CF1400F7DF71 /* Main.storyboard in Resources */ = {isa = PBXBuildFile; fileRef = 169808A61AA1CF1400F7DF71 /* Main.storyboard */; };
		169808AA1AA1CF1400F7DF71 /* Images.xcassets in Resources */ = {isa = PBXBuildFile; fileRef = 169808A91AA1CF1400F7DF71 /* Images.xcassets */; };
		169808AD1AA1CF1400F7DF71 /* LaunchScreen.xib in Resources */ = {isa = PBXBuildFile; fileRef = 169808AB1AA1CF1400F7DF71 /* LaunchScreen.xib */; };
		169808B91AA1CF1400F7DF71 /* Interval_Tabata_TimerTests.swift in Sources */ = {isa = PBXBuildFile; fileRef = 169808B81AA1CF1400F7DF71 /* Interval_Tabata_TimerTests.swift */; };
		16D796611AE277AC0094FDC4 /* SettingViewController.swift in Sources */ = {isa = PBXBuildFile; fileRef = 16D796601AE277AC0094FDC4 /* SettingViewController.swift */; };
		16D796A81AE3C6770094FDC4 /* final_round.mp3 in Resources */ = {isa = PBXBuildFile; fileRef = 16D796A31AE3C6770094FDC4 /* final_round.mp3 */; };
		16D796A91AE3C6770094FDC4 /* gogo.wav in Resources */ = {isa = PBXBuildFile; fileRef = 16D796A41AE3C6770094FDC4 /* gogo.wav */; };
		16D796AA1AE3C6770094FDC4 /* outstanding.mp3 in Resources */ = {isa = PBXBuildFile; fileRef = 16D796A51AE3C6770094FDC4 /* outstanding.mp3 */; };
		16D796AB1AE3C6770094FDC4 /* warning_beep.mp3 in Resources */ = {isa = PBXBuildFile; fileRef = 16D796A61AE3C6770094FDC4 /* warning_beep.mp3 */; };
		16F76B461C56ADBB00F05ED5 /* background.png in Resources */ = {isa = PBXBuildFile; fileRef = 16F76B451C56ADBB00F05ED5 /* background.png */; };
/* End PBXBuildFile section */

/* Begin PBXContainerItemProxy section */
		169808B31AA1CF1400F7DF71 /* PBXContainerItemProxy */ = {
			isa = PBXContainerItemProxy;
			containerPortal = 169808931AA1CF1400F7DF71 /* Project object */;
			proxyType = 1;
			remoteGlobalIDString = 1698089A1AA1CF1400F7DF71;
			remoteInfo = "Interval Tabata Timer";
		};
/* End PBXContainerItemProxy section */

/* Begin PBXFileReference section */
		16134AD61C4E9AEF007767FE /* namePicker.swift */ = {isa = PBXFileReference; fileEncoding = 4; lastKnownFileType = sourcecode.swift; path = namePicker.swift; sourceTree = "<group>"; };
		16242D141AE425E600AF5B7C /* round_sound.mp3 */ = {isa = PBXFileReference; lastKnownFileType = audio.mp3; name = round_sound.mp3; path = "Interval Tabata Timer/round_sound.mp3"; sourceTree = "<group>"; };
		16393DFB1AA1FABF002C4099 /* StopwatchViewController.swift */ = {isa = PBXFileReference; fileEncoding = 4; lastKnownFileType = sourcecode.swift; path = StopwatchViewController.swift; sourceTree = "<group>"; };
		1666D5AF1AA32C9A000FF75F /* TimerViewController.swift */ = {isa = PBXFileReference; fileEncoding = 4; lastKnownFileType = sourcecode.swift; path = TimerViewController.swift; sourceTree = "<group>"; };
		1666D5B11AA32CC7000FF75F /* TimerPicker.swift */ = {isa = PBXFileReference; fileEncoding = 4; lastKnownFileType = sourcecode.swift; path = TimerPicker.swift; sourceTree = "<group>"; };
		1666D5F31AA4CF45000FF75F /* alarmSound.mp3 */ = {isa = PBXFileReference; lastKnownFileType = audio.mp3; name = alarmSound.mp3; path = "Interval Tabata Timer/alarmSound.mp3"; sourceTree = "<group>"; };
		1698089B1AA1CF1400F7DF71 /* Interval Tabata Timer.app */ = {isa = PBXFileReference; explicitFileType = wrapper.application; includeInIndex = 0; path = "Interval Tabata Timer.app"; sourceTree = BUILT_PRODUCTS_DIR; };
		1698089F1AA1CF1400F7DF71 /* Info.plist */ = {isa = PBXFileReference; lastKnownFileType = text.plist.xml; path = Info.plist; sourceTree = "<group>"; };
		169808A01AA1CF1400F7DF71 /* AppDelegate.swift */ = {isa = PBXFileReference; lastKnownFileType = sourcecode.swift; path = AppDelegate.swift; sourceTree = "<group>"; };
		169808A21AA1CF1400F7DF71 /* IntervalViewController.swift */ = {isa = PBXFileReference; lastKnownFileType = sourcecode.swift; path = IntervalViewController.swift; sourceTree = "<group>"; };
		169808A71AA1CF1400F7DF71 /* Base */ = {isa = PBXFileReference; lastKnownFileType = file.storyboard; name = Base; path = Base.lproj/Main.storyboard; sourceTree = "<group>"; };
		169808A91AA1CF1400F7DF71 /* Images.xcassets */ = {isa = PBXFileReference; lastKnownFileType = folder.assetcatalog; path = Images.xcassets; sourceTree = "<group>"; };
		169808AC1AA1CF1400F7DF71 /* Base */ = {isa = PBXFileReference; lastKnownFileType = file.xib; name = Base; path = Base.lproj/LaunchScreen.xib; sourceTree = "<group>"; };
		169808B21AA1CF1400F7DF71 /* Interval Tabata TimerTests.xctest */ = {isa = PBXFileReference; explicitFileType = wrapper.cfbundle; includeInIndex = 0; path = "Interval Tabata TimerTests.xctest"; sourceTree = BUILT_PRODUCTS_DIR; };
		169808B71AA1CF1400F7DF71 /* Info.plist */ = {isa = PBXFileReference; lastKnownFileType = text.plist.xml; path = Info.plist; sourceTree = "<group>"; };
		169808B81AA1CF1400F7DF71 /* Interval_Tabata_TimerTests.swift */ = {isa = PBXFileReference; lastKnownFileType = sourcecode.swift; path = Interval_Tabata_TimerTests.swift; sourceTree = "<group>"; };
		16D796601AE277AC0094FDC4 /* SettingViewController.swift */ = {isa = PBXFileReference; fileEncoding = 4; lastKnownFileType = sourcecode.swift; path = SettingViewController.swift; sourceTree = "<group>"; };
		16D796A31AE3C6770094FDC4 /* final_round.mp3 */ = {isa = PBXFileReference; lastKnownFileType = audio.mp3; name = final_round.mp3; path = "Interval Tabata Timer/final_round.mp3"; sourceTree = "<group>"; };
		16D796A41AE3C6770094FDC4 /* gogo.wav */ = {isa = PBXFileReference; lastKnownFileType = audio.wav; name = gogo.wav; path = "Interval Tabata Timer/gogo.wav"; sourceTree = "<group>"; };
		16D796A51AE3C6770094FDC4 /* outstanding.mp3 */ = {isa = PBXFileReference; lastKnownFileType = audio.mp3; name = outstanding.mp3; path = "Interval Tabata Timer/outstanding.mp3"; sourceTree = "<group>"; };
		16D796A61AE3C6770094FDC4 /* warning_beep.mp3 */ = {isa = PBXFileReference; lastKnownFileType = audio.mp3; name = warning_beep.mp3; path = "Interval Tabata Timer/warning_beep.mp3"; sourceTree = "<group>"; };
		16F76B451C56ADBB00F05ED5 /* background.png */ = {isa = PBXFileReference; lastKnownFileType = image.png; path = background.png; sourceTree = "<group>"; };
/* End PBXFileReference section */

/* Begin PBXFrameworksBuildPhase section */
		169808981AA1CF1400F7DF71 /* Frameworks */ = {
			isa = PBXFrameworksBuildPhase;
			buildActionMask = 2147483647;
			files = (
			);
			runOnlyForDeploymentPostprocessing = 0;
		};
		169808AF1AA1CF1400F7DF71 /* Frameworks */ = {
			isa = PBXFrameworksBuildPhase;
			buildActionMask = 2147483647;
			files = (
			);
			runOnlyForDeploymentPostprocessing = 0;
		};
/* End PBXFrameworksBuildPhase section */

/* Begin PBXGroup section */
		1666D5B31AA4C1EF000FF75F /* resourses */ = {
			isa = PBXGroup;
			children = (
				16F76B451C56ADBB00F05ED5 /* background.png */,
				16242D141AE425E600AF5B7C /* round_sound.mp3 */,
				16D796A31AE3C6770094FDC4 /* final_round.mp3 */,
				16D796A41AE3C6770094FDC4 /* gogo.wav */,
				16D796A51AE3C6770094FDC4 /* outstanding.mp3 */,
				16D796A61AE3C6770094FDC4 /* warning_beep.mp3 */,
				1666D5F31AA4CF45000FF75F /* alarmSound.mp3 */,
			);
			name = resourses;
			sourceTree = "<group>";
		};
		169808921AA1CF1400F7DF71 = {
			isa = PBXGroup;
			children = (
				1666D5B31AA4C1EF000FF75F /* resourses */,
				1698089D1AA1CF1400F7DF71 /* Interval Tabata Timer */,
				169808B51AA1CF1400F7DF71 /* Interval Tabata TimerTests */,
				1698089C1AA1CF1400F7DF71 /* Products */,
			);
			sourceTree = "<group>";
		};
		1698089C1AA1CF1400F7DF71 /* Products */ = {
			isa = PBXGroup;
			children = (
				1698089B1AA1CF1400F7DF71 /* Interval Tabata Timer.app */,
				169808B21AA1CF1400F7DF71 /* Interval Tabata TimerTests.xctest */,
			);
			name = Products;
			sourceTree = "<group>";
		};
		1698089D1AA1CF1400F7DF71 /* Interval Tabata Timer */ = {
			isa = PBXGroup;
			children = (
				169808A01AA1CF1400F7DF71 /* AppDelegate.swift */,
				169808A21AA1CF1400F7DF71 /* IntervalViewController.swift */,
				16393DFB1AA1FABF002C4099 /* StopwatchViewController.swift */,
				16D796601AE277AC0094FDC4 /* SettingViewController.swift */,
				169808A61AA1CF1400F7DF71 /* Main.storyboard */,
				169808A91AA1CF1400F7DF71 /* Images.xcassets */,
				169808AB1AA1CF1400F7DF71 /* LaunchScreen.xib */,
				1698089E1AA1CF1400F7DF71 /* Supporting Files */,
				1666D5AF1AA32C9A000FF75F /* TimerViewController.swift */,
				1666D5B11AA32CC7000FF75F /* TimerPicker.swift */,
				16134AD61C4E9AEF007767FE /* namePicker.swift */,
			);
			path = "Interval Tabata Timer";
			sourceTree = "<group>";
		};
		1698089E1AA1CF1400F7DF71 /* Supporting Files */ = {
			isa = PBXGroup;
			children = (
				1698089F1AA1CF1400F7DF71 /* Info.plist */,
			);
			name = "Supporting Files";
			sourceTree = "<group>";
		};
		169808B51AA1CF1400F7DF71 /* Interval Tabata TimerTests */ = {
			isa = PBXGroup;
			children = (
				169808B81AA1CF1400F7DF71 /* Interval_Tabata_TimerTests.swift */,
				169808B61AA1CF1400F7DF71 /* Supporting Files */,
			);
			path = "Interval Tabata TimerTests";
			sourceTree = "<group>";
		};
		169808B61AA1CF1400F7DF71 /* Supporting Files */ = {
			isa = PBXGroup;
			children = (
				169808B71AA1CF1400F7DF71 /* Info.plist */,
			);
			name = "Supporting Files";
			sourceTree = "<group>";
		};
/* End PBXGroup section */

/* Begin PBXNativeTarget section */
		1698089A1AA1CF1400F7DF71 /* Interval Tabata Timer */ = {
			isa = PBXNativeTarget;
			buildConfigurationList = 169808BC1AA1CF1400F7DF71 /* Build configuration list for PBXNativeTarget "Interval Tabata Timer" */;
			buildPhases = (
				169808971AA1CF1400F7DF71 /* Sources */,
				169808981AA1CF1400F7DF71 /* Frameworks */,
				169808991AA1CF1400F7DF71 /* Resources */,
			);
			buildRules = (
			);
			dependencies = (
			);
			name = "Interval Tabata Timer";
			productName = "Interval Tabata Timer";
			productReference = 1698089B1AA1CF1400F7DF71 /* Interval Tabata Timer.app */;
			productType = "com.apple.product-type.application";
		};
		169808B11AA1CF1400F7DF71 /* Interval Tabata TimerTests */ = {
			isa = PBXNativeTarget;
			buildConfigurationList = 169808BF1AA1CF1400F7DF71 /* Build configuration list for PBXNativeTarget "Interval Tabata TimerTests" */;
			buildPhases = (
				169808AE1AA1CF1400F7DF71 /* Sources */,
				169808AF1AA1CF1400F7DF71 /* Frameworks */,
				169808B01AA1CF1400F7DF71 /* Resources */,
			);
			buildRules = (
			);
			dependencies = (
				169808B41AA1CF1400F7DF71 /* PBXTargetDependency */,
			);
			name = "Interval Tabata TimerTests";
			productName = "Interval Tabata TimerTests";
			productReference = 169808B21AA1CF1400F7DF71 /* Interval Tabata TimerTests.xctest */;
			productType = "com.apple.product-type.bundle.unit-test";
		};
/* End PBXNativeTarget section */

/* Begin PBXProject section */
		169808931AA1CF1400F7DF71 /* Project object */ = {
			isa = PBXProject;
			attributes = {
				LastSwiftMigration = 0720;
				LastSwiftUpdateCheck = 0720;
				LastUpgradeCheck = 0610;
				ORGANIZATIONNAME = "mesa mingi";
				TargetAttributes = {
					1698089A1AA1CF1400F7DF71 = {
						CreatedOnToolsVersion = 6.1.1;
						DevelopmentTeam = SDJPNYL88G;
					};
					169808B11AA1CF1400F7DF71 = {
						CreatedOnToolsVersion = 6.1.1;
						TestTargetID = 1698089A1AA1CF1400F7DF71;
					};
				};
			};
			buildConfigurationList = 169808961AA1CF1400F7DF71 /* Build configuration list for PBXProject "Interval Tabata Timer" */;
			compatibilityVersion = "Xcode 3.2";
			developmentRegion = English;
			hasScannedForEncodings = 0;
			knownRegions = (
				en,
				Base,
			);
			mainGroup = 169808921AA1CF1400F7DF71;
			productRefGroup = 1698089C1AA1CF1400F7DF71 /* Products */;
			projectDirPath = "";
			projectRoot = "";
			targets = (
				1698089A1AA1CF1400F7DF71 /* Interval Tabata Timer */,
				169808B11AA1CF1400F7DF71 /* Interval Tabata TimerTests */,
			);
		};
/* End PBXProject section */

/* Begin PBXResourcesBuildPhase section */
		169808991AA1CF1400F7DF71 /* Resources */ = {
			isa = PBXResourcesBuildPhase;
			buildActionMask = 2147483647;
			files = (
				16242D151AE425E600AF5B7C /* round_sound.mp3 in Resources */,
				16F76B461C56ADBB00F05ED5 /* background.png in Resources */,
				169808A81AA1CF1400F7DF71 /* Main.storyboard in Resources */,
				169808AD1AA1CF1400F7DF71 /* LaunchScreen.xib in Resources */,
				16D796AA1AE3C6770094FDC4 /* outstanding.mp3 in Resources */,
				1666D5F41AA4CF45000FF75F /* alarmSound.mp3 in Resources */,
				16D796A91AE3C6770094FDC4 /* gogo.wav in Resources */,
				16D796A81AE3C6770094FDC4 /* final_round.mp3 in Resources */,
				16D796AB1AE3C6770094FDC4 /* warning_beep.mp3 in Resources */,
				169808AA1AA1CF1400F7DF71 /* Images.xcassets in Resources */,
			);
			runOnlyForDeploymentPostprocessing = 0;
		};
		169808B01AA1CF1400F7DF71 /* Resources */ = {
			isa = PBXResourcesBuildPhase;
			buildActionMask = 2147483647;
			files = (
			);
			runOnlyForDeploymentPostprocessing = 0;
		};
/* End PBXResourcesBuildPhase section */

/* Begin PBXSourcesBuildPhase section */
		169808971AA1CF1400F7DF71 /* Sources */ = {
			isa = PBXSourcesBuildPhase;
			buildActionMask = 2147483647;
			files = (
				1666D5B01AA32C9A000FF75F /* TimerViewController.swift in Sources */,
				169808A11AA1CF1400F7DF71 /* AppDelegate.swift in Sources */,
				1666D5B21AA32CC7000FF75F /* TimerPicker.swift in Sources */,
				169808A31AA1CF1400F7DF71 /* IntervalViewController.swift in Sources */,
				16393DFC1AA1FABF002C4099 /* StopwatchViewController.swift in Sources */,
				16134AD71C4E9AEF007767FE /* namePicker.swift in Sources */,
				16D796611AE277AC0094FDC4 /* SettingViewController.swift in Sources */,
			);
			runOnlyForDeploymentPostprocessing = 0;
		};
		169808AE1AA1CF1400F7DF71 /* Sources */ = {
			isa = PBXSourcesBuildPhase;
			buildActionMask = 2147483647;
			files = (
				169808B91AA1CF1400F7DF71 /* Interval_Tabata_TimerTests.swift in Sources */,
			);
			runOnlyForDeploymentPostprocessing = 0;
		};
/* End PBXSourcesBuildPhase section */

/* Begin PBXTargetDependency section */
		169808B41AA1CF1400F7DF71 /* PBXTargetDependency */ = {
			isa = PBXTargetDependency;
			target = 1698089A1AA1CF1400F7DF71 /* Interval Tabata Timer */;
			targetProxy = 169808B31AA1CF1400F7DF71 /* PBXContainerItemProxy */;
		};
/* End PBXTargetDependency section */

/* Begin PBXVariantGroup section */
		169808A61AA1CF1400F7DF71 /* Main.storyboard */ = {
			isa = PBXVariantGroup;
			children = (
				169808A71AA1CF1400F7DF71 /* Base */,
			);
			name = Main.storyboard;
			sourceTree = "<group>";
		};
		169808AB1AA1CF1400F7DF71 /* LaunchScreen.xib */ = {
			isa = PBXVariantGroup;
			children = (
				169808AC1AA1CF1400F7DF71 /* Base */,
			);
			name = LaunchScreen.xib;
			sourceTree = "<group>";
		};
/* End PBXVariantGroup section */

/* Begin XCBuildConfiguration section */
		169808BA1AA1CF1400F7DF71 /* Debug */ = {
			isa = XCBuildConfiguration;
			buildSettings = {
				ALWAYS_SEARCH_USER_PATHS = NO;
				CLANG_CXX_LANGUAGE_STANDARD = "gnu++0x";
				CLANG_CXX_LIBRARY = "libc++";
				CLANG_ENABLE_MODULES = YES;
				CLANG_ENABLE_OBJC_ARC = YES;
				CLANG_WARN_BOOL_CONVERSION = YES;
				CLANG_WARN_CONSTANT_CONVERSION = YES;
				CLANG_WARN_DIRECT_OBJC_ISA_USAGE = YES_ERROR;
				CLANG_WARN_EMPTY_BODY = YES;
				CLANG_WARN_ENUM_CONVERSION = YES;
				CLANG_WARN_INT_CONVERSION = YES;
				CLANG_WARN_OBJC_ROOT_CLASS = YES_ERROR;
				CLANG_WARN_UNREACHABLE_CODE = YES;
				CLANG_WARN__DUPLICATE_METHOD_MATCH = YES;
				"CODE_SIGN_IDENTITY[sdk=iphoneos*]" = "iPhone Developer";
				COPY_PHASE_STRIP = NO;
				ENABLE_STRICT_OBJC_MSGSEND = YES;
				GCC_C_LANGUAGE_STANDARD = gnu99;
				GCC_DYNAMIC_NO_PIC = NO;
				GCC_OPTIMIZATION_LEVEL = 0;
				GCC_PREPROCESSOR_DEFINITIONS = (
					"DEBUG=1",
					"$(inherited)",
				);
				GCC_SYMBOLS_PRIVATE_EXTERN = NO;
				GCC_WARN_64_TO_32_BIT_CONVERSION = YES;
				GCC_WARN_ABOUT_RETURN_TYPE = YES_ERROR;
				GCC_WARN_UNDECLARED_SELECTOR = YES;
				GCC_WARN_UNINITIALIZED_AUTOS = YES_AGGRESSIVE;
				GCC_WARN_UNUSED_FUNCTION = YES;
				GCC_WARN_UNUSED_VARIABLE = YES;
				IPHONEOS_DEPLOYMENT_TARGET = 8.1;
				MTL_ENABLE_DEBUG_INFO = YES;
				ONLY_ACTIVE_ARCH = YES;
				SDKROOT = iphoneos;
				SWIFT_OPTIMIZATION_LEVEL = "-Onone";
				TARGETED_DEVICE_FAMILY = "1,2";
			};
			name = Debug;
		};
		169808BB1AA1CF1400F7DF71 /* Release */ = {
			isa = XCBuildConfiguration;
			buildSettings = {
				ALWAYS_SEARCH_USER_PATHS = NO;
				CLANG_CXX_LANGUAGE_STANDARD = "gnu++0x";
				CLANG_CXX_LIBRARY = "libc++";
				CLANG_ENABLE_MODULES = YES;
				CLANG_ENABLE_OBJC_ARC = YES;
				CLANG_WARN_BOOL_CONVERSION = YES;
				CLANG_WARN_CONSTANT_CONVERSION = YES;
				CLANG_WARN_DIRECT_OBJC_ISA_USAGE = YES_ERROR;
				CLANG_WARN_EMPTY_BODY = YES;
				CLANG_WARN_ENUM_CONVERSION = YES;
				CLANG_WARN_INT_CONVERSION = YES;
				CLANG_WARN_OBJC_ROOT_CLASS = YES_ERROR;
				CLANG_WARN_UNREACHABLE_CODE = YES;
				CLANG_WARN__DUPLICATE_METHOD_MATCH = YES;
				"CODE_SIGN_IDENTITY[sdk=iphoneos*]" = "iPhone Developer";
				COPY_PHASE_STRIP = YES;
				ENABLE_NS_ASSERTIONS = NO;
				ENABLE_STRICT_OBJC_MSGSEND = YES;
				GCC_C_LANGUAGE_STANDARD = gnu99;
				GCC_WARN_64_TO_32_BIT_CONVERSION = YES;
				GCC_WARN_ABOUT_RETURN_TYPE = YES_ERROR;
				GCC_WARN_UNDECLARED_SELECTOR = YES;
				GCC_WARN_UNINITIALIZED_AUTOS = YES_AGGRESSIVE;
				GCC_WARN_UNUSED_FUNCTION = YES;
				GCC_WARN_UNUSED_VARIABLE = YES;
				IPHONEOS_DEPLOYMENT_TARGET = 8.1;
				MTL_ENABLE_DEBUG_INFO = NO;
				SDKROOT = iphoneos;
				TARGETED_DEVICE_FAMILY = "1,2";
				VALIDATE_PRODUCT = YES;
			};
			name = Release;
		};
		169808BD1AA1CF1400F7DF71 /* Debug */ = {
			isa = XCBuildConfiguration;
			buildSettings = {
				ASSETCATALOG_COMPILER_APPICON_NAME = AppIcon;
				INFOPLIST_FILE = "Interval Tabata Timer/Info.plist";
				LD_RUNPATH_SEARCH_PATHS = "$(inherited) @executable_path/Frameworks";
				PRODUCT_NAME = "$(TARGET_NAME)";
				TARGETED_DEVICE_FAMILY = "1,2";
			};
			name = Debug;
		};
		169808BE1AA1CF1400F7DF71 /* Release */ = {
			isa = XCBuildConfiguration;
			buildSettings = {
				ASSETCATALOG_COMPILER_APPICON_NAME = AppIcon;
				INFOPLIST_FILE = "Interval Tabata Timer/Info.plist";
				LD_RUNPATH_SEARCH_PATHS = "$(inherited) @executable_path/Frameworks";
				PRODUCT_NAME = "$(TARGET_NAME)";
				TARGETED_DEVICE_FAMILY = "1,2";
			};
			name = Release;
		};
		169808C01AA1CF1400F7DF71 /* Debug */ = {
			isa = XCBuildConfiguration;
			buildSettings = {
				BUNDLE_LOADER = "$(TEST_HOST)";
				FRAMEWORK_SEARCH_PATHS = (
					"$(SDKROOT)/Developer/Library/Frameworks",
					"$(inherited)",
				);
				GCC_PREPROCESSOR_DEFINITIONS = (
					"DEBUG=1",
					"$(inherited)",
				);
				INFOPLIST_FILE = "Interval Tabata TimerTests/Info.plist";
				LD_RUNPATH_SEARCH_PATHS = "$(inherited) @executable_path/Frameworks @loader_path/Frameworks";
				PRODUCT_NAME = "$(TARGET_NAME)";
				TEST_HOST = "$(BUILT_PRODUCTS_DIR)/Interval Tabata Timer.app/Interval Tabata Timer";
			};
			name = Debug;
		};
		169808C11AA1CF1400F7DF71 /* Release */ = {
			isa = XCBuildConfiguration;
			buildSettings = {
				BUNDLE_LOADER = "$(TEST_HOST)";
				FRAMEWORK_SEARCH_PATHS = (
					"$(SDKROOT)/Developer/Library/Frameworks",
					"$(inherited)",
				);
				INFOPLIST_FILE = "Interval Tabata TimerTests/Info.plist";
				LD_RUNPATH_SEARCH_PATHS = "$(inherited) @executable_path/Frameworks @loader_path/Frameworks";
				PRODUCT_NAME = "$(TARGET_NAME)";
				TEST_HOST = "$(BUILT_PRODUCTS_DIR)/Interval Tabata Timer.app/Interval Tabata Timer";
			};
			name = Release;
		};
/* End XCBuildConfiguration section */

/* Begin XCConfigurationList section */
		169808961AA1CF1400F7DF71 /* Build configuration list for PBXProject "Interval Tabata Timer" */ = {
			isa = XCConfigurationList;
			buildConfigurations = (
				169808BA1AA1CF1400F7DF71 /* Debug */,
				169808BB1AA1CF1400F7DF71 /* Release */,
			);
			defaultConfigurationIsVisible = 0;
			defaultConfigurationName = Release;
		};
		169808BC1AA1CF1400F7DF71 /* Build configuration list for PBXNativeTarget "Interval Tabata Timer" */ = {
			isa = XCConfigurationList;
			buildConfigurations = (
				169808BD1AA1CF1400F7DF71 /* Debug */,
				169808BE1AA1CF1400F7DF71 /* Release */,
			);
			defaultConfigurationIsVisible = 0;
			defaultConfigurationName = Release;
		};
		169808BF1AA1CF1400F7DF71 /* Build configuration list for PBXNativeTarget "Interval Tabata TimerTests" */ = {
			isa = XCConfigurationList;
			buildConfigurations = (
				169808C01AA1CF1400F7DF71 /* Debug */,
				169808C11AA1CF1400F7DF71 /* Release */,
			);
			defaultConfigurationIsVisible = 0;
			defaultConfigurationName = Release;
		};
/* End XCConfigurationList section */
	};
	rootObject = 169808931AA1CF1400F7DF71 /* Project object */;
}
